
Microsoft Visual Studio Solution File, Format Version 12.00
# Visual Studio Version 16
VisualStudioVersion = 16.0.31129.286
MinimumVisualStudioVersion = 10.0.40219.1
Project("{FAE04EC0-301F-11D3-BF4B-00C04F79EFBC}") = "cons", "cons\cons.csproj", "{8B78AB1E-BAA5-4BB3-935F-E547AC42A0CE}"
EndProject
Global
	GlobalSection(SolutionConfigurationPlatforms) = preSolution
		Debug|Any CPU = Debug|Any CPU
		Release|Any CPU = Release|Any CPU
	EndGlobalSection
	GlobalSection(ProjectConfigurationPlatforms) = postSolution
		{8B78AB1E-BAA5-4BB3-935F-E547AC42A0CE}.Debug|Any CPU.ActiveCfg = Debug|Any CPU
		{8B78AB1E-BAA5-4BB3-935F-E547AC42A0CE}.Debug|Any CPU.Build.0 = Debug|Any CPU
		{8B78AB1E-BAA5-4BB3-935F-E547AC42A0CE}.Release|Any CPU.ActiveCfg = Release|Any CPU
		{8B78AB1E-BAA5-4BB3-935F-E547AC42A0CE}.Release|Any CPU.Build.0 = Release|Any CPU
	EndGlobalSection
	GlobalSection(SolutionProperties) = preSolution
		HideSolutionNode = FALSE
	EndGlobalSection
	GlobalSection(ExtensibilityGlobals) = postSolution
		SolutionGuid = {C96E4EF6-6B59-418B-999E-BAD885D3AD12}
	EndGlobalSection
EndGlobal
